
Microsoft Visual Studio Solution File, Format Version 12.00
# Visual Studio 15
VisualStudioVersion = 15.0.28307.902
MinimumVisualStudioVersion = 10.0.40219.1
Project("{FAE04EC0-301F-11D3-BF4B-00C04F79EFBC}") = "Do_An", "Do_An\Do_An.csproj", "{67ED2299-26D1-4C61-A7D7-CCA0F6C88604}"
EndProject
Global
	GlobalSection(SolutionConfigurationPlatforms) = preSolution
		Debug|Any CPU = Debug|Any CPU
		Release|Any CPU = Release|Any CPU
	EndGlobalSection
	GlobalSection(ProjectConfigurationPlatforms) = postSolution
		{67ED2299-26D1-4C61-A7D7-CCA0F6C88604}.Debug|Any CPU.ActiveCfg = Debug|Any CPU
		{67ED2299-26D1-4C61-A7D7-CCA0F6C88604}.Debug|Any CPU.Build.0 = Debug|Any CPU
		{67ED2299-26D1-4C61-A7D7-CCA0F6C88604}.Release|Any CPU.ActiveCfg = Release|Any CPU
		{67ED2299-26D1-4C61-A7D7-CCA0F6C88604}.Release|Any CPU.Build.0 = Release|Any CPU
	EndGlobalSection
	GlobalSection(SolutionProperties) = preSolution
		HideSolutionNode = FALSE
	EndGlobalSection
	GlobalSection(ExtensibilityGlobals) = postSolution
		SolutionGuid = {E87E892C-9596-40E2-B93A-94A643C46574}
	EndGlobalSection
EndGlobal
